
Microsoft Visual Studio Solution File, Format Version 12.00
# Visual Studio 15
VisualStudioVersion = 15.0.28010.2048
MinimumVisualStudioVersion = 10.0.40219.1
Project("{9A19103F-16F7-4668-BE54-9A1E7A4F7556}") = "StructuralDesignPatternCoreWebApp", "StructuralDesignPatternCoreWebApp\StructuralDesignPatternCoreWebApp.csproj", "{AF14934D-DCD7-4AE0-BDDA-A5E7A1F10C20}"
EndProject
Project("{FAE04EC0-301F-11D3-BF4B-00C04F79EFBC}") = "CLAdapterSDP", "CLAdapterSDP\CLAdapterSDP.csproj", "{7DACF40B-7FFE-4A2A-9495-9082B7051735}"
EndProject
Project("{FAE04EC0-301F-11D3-BF4B-00C04F79EFBC}") = "CLBridgeSDP", "CLBridgeSDP\CLBridgeSDP.csproj", "{2B86BFDD-0249-413B-846F-E9D293494350}"
EndProject
Global
	GlobalSection(SolutionConfigurationPlatforms) = preSolution
		Debug|Any CPU = Debug|Any CPU
		Release|Any CPU = Release|Any CPU
	EndGlobalSection
	GlobalSection(ProjectConfigurationPlatforms) = postSolution
		{AF14934D-DCD7-4AE0-BDDA-A5E7A1F10C20}.Debug|Any CPU.ActiveCfg = Debug|Any CPU
		{AF14934D-DCD7-4AE0-BDDA-A5E7A1F10C20}.Debug|Any CPU.Build.0 = Debug|Any CPU
		{AF14934D-DCD7-4AE0-BDDA-A5E7A1F10C20}.Release|Any CPU.ActiveCfg = Release|Any CPU
		{AF14934D-DCD7-4AE0-BDDA-A5E7A1F10C20}.Release|Any CPU.Build.0 = Release|Any CPU
		{7DACF40B-7FFE-4A2A-9495-9082B7051735}.Debug|Any CPU.ActiveCfg = Debug|Any CPU
		{7DACF40B-7FFE-4A2A-9495-9082B7051735}.Debug|Any CPU.Build.0 = Debug|Any CPU
		{7DACF40B-7FFE-4A2A-9495-9082B7051735}.Release|Any CPU.ActiveCfg = Release|Any CPU
		{7DACF40B-7FFE-4A2A-9495-9082B7051735}.Release|Any CPU.Build.0 = Release|Any CPU
		{2B86BFDD-0249-413B-846F-E9D293494350}.Debug|Any CPU.ActiveCfg = Debug|Any CPU
		{2B86BFDD-0249-413B-846F-E9D293494350}.Debug|Any CPU.Build.0 = Debug|Any CPU
		{2B86BFDD-0249-413B-846F-E9D293494350}.Release|Any CPU.ActiveCfg = Release|Any CPU
		{2B86BFDD-0249-413B-846F-E9D293494350}.Release|Any CPU.Build.0 = Release|Any CPU
	EndGlobalSection
	GlobalSection(SolutionProperties) = preSolution
		HideSolutionNode = FALSE
	EndGlobalSection
	GlobalSection(ExtensibilityGlobals) = postSolution
		SolutionGuid = {300E8DAB-E685-441D-B0B2-F1C5F0EA8A10}
	EndGlobalSection
EndGlobal
